
Microsoft Visual Studio Solution File, Format Version 12.00
# Visual Studio Version 16
VisualStudioVersion = 16.0.29613.14
MinimumVisualStudioVersion = 10.0.40219.1
Project("{9A19103F-16F7-4668-BE54-9A1E7A4F7556}") = "WebPx.Web.Common", "WebPx.Web.Common\WebPx.Web.Common.csproj", "{AA92CF8E-E6A2-4830-A157-B9C2B9675485}"
EndProject
Global
	GlobalSection(SolutionConfigurationPlatforms) = preSolution
		Debug|Any CPU = Debug|Any CPU
		Release|Any CPU = Release|Any CPU
	EndGlobalSection
	GlobalSection(ProjectConfigurationPlatforms) = postSolution
		{AA92CF8E-E6A2-4830-A157-B9C2B9675485}.Debug|Any CPU.ActiveCfg = Debug|Any CPU
		{AA92CF8E-E6A2-4830-A157-B9C2B9675485}.Debug|Any CPU.Build.0 = Debug|Any CPU
		{AA92CF8E-E6A2-4830-A157-B9C2B9675485}.Release|Any CPU.ActiveCfg = Release|Any CPU
		{AA92CF8E-E6A2-4830-A157-B9C2B9675485}.Release|Any CPU.Build.0 = Release|Any CPU
	EndGlobalSection
	GlobalSection(SolutionProperties) = preSolution
		HideSolutionNode = FALSE
	EndGlobalSection
	GlobalSection(ExtensibilityGlobals) = postSolution
		SolutionGuid = {F9DC5B22-1FBF-4D23-B0B5-0390CB8B7D90}
	EndGlobalSection
EndGlobal
